version = 1
revision = 3
requires-python = "==3.10.*"

[[package]]
name = "bandscribe-tuttut-env"
version = "0.1.0"
source = { virtual = "." }
dependencies = [
    { name = "setuptools" },
    { name = "tuttut" },
]

[package.metadata]
requires-dist = [
    { name = "setuptools", specifier = "<81" },
    { name = "tuttut", specifier = "==0.0.6" },
]

[[package]]
name = "cycler"
version = "0.12.1"
source = { registry = "https://pypi.org/simple" }
sdist = { url = "https://files.pythonhosted.org/packages/a9/95/a3dbbb5028f35eafb79008e7522a75244477d2838f38cbb722248dabc2a8/cycler-0.12.1.tar.gz", hash = "sha256:88bb128f02ba341da8ef447245a9e138fae777f6a23943da4540077d3601eb1c", size = 7615, upload-time = "2023-10-07T05:32:18.335Z" }
wheels = [
    { url = "https://files.pythonhosted.org/packages/e7/05/c19819d5e3d95294a6f5947fb9b9629efb316b96de511b418c53d245aae6/cycler-0.12.1-py3-none-any.whl", hash = "sha256:85cef7cff222d8644161529808465972e51340599459b8ac3ccbac5a854e0d30", size = 8321, upload-time = "2023-10-07T05:32:16.783Z" },
]

[[package]]
name = "fonttools"
version = "4.65.0"
source = { registry = "https://pypi.org/simple" }
sdist = { url = "https://files.pythonhosted.org/packages/77/51/d63c7e52163ac14393a35bd14bd7c0da95f8f74be5d7cc988092f9965129/fonttools-4.65.0.tar.gz", hash = "sha256:762ba5431358d0dbd4a01982484a1d494fb267e91f974cdcf20b80eab8560f6f", size = 3674467, upload-time = "2026-09-10T15:35:54.955Z" }
wheels = [
    { url = "https://files.pythonhosted.org/packages/53/d9/1caaa015dd207da7ccd3feba87289997bd88334ea3e74a367cdc7b0e50a3/fonttools-4.65.0-cp310-cp310-macosx_10_9_universal2.whl", hash = "sha256:93a73af2075036d36d7fbf856779c56a1b3b86ffcdae6abede7596604c42c156", size = 3095449, upload-time = "2026-09-10T15:33:04.814Z" },
    { url = "https://files.pythonhosted.org/packages/20/d6/988cd9b33ae2d92b15a51d73eb77c991f7a0fe90a7bc74526e9669247789/fonttools-4.65.0-cp310-cp310-macosx_10_9_x86_64.whl", hash = "sha256:c130be2232e3caf8d2b476854ea78421ec1642917ff5ab695284bac31bbb072b", size = 2587697, upload-time = "2026-09-10T15:33:07.653Z" },
    { url = "https://files.pythonhosted.org/packages/f8/6a/36f465a1c277131f9569f6a56fe99cf135391b4860b9c4f4b23e5b1cd5df/fonttools-4.65.0-cp310-cp310-manylinux2014_aarch64.manylinux_2_17_aarch64.manylinux_2_28_aarch64.whl", hash = "sha256:e3944e0bdba42effb71959e43d91b599326b02b59c78310d5675e8a75525e7d8", size = 5313308, upload-time = "2026-09-10T15:33:09.975Z" },
    { url = "https://files.pythonhosted.org/packages/ee/56/151b5e81d20c63834f48ad37a0cbbbe2f9b248e38f8d10387f0cf5219244/fonttools-4.65.0-cp310-cp310-manylinux2014_x86_64.manylinux_2_17_x86_64.whl", hash = "sha256:fb53892b570f7f1f0055e75fc4de32673e32f749c4c8a606b63d5c436650e634", size = 5253649, upload-time = "2026-09-10T15:33:12.225Z" },
    { url = "https://files.pythonhosted.org/packages/c8/22/6389215da9d4f98623aacdca9479c1030bbd516cb658e893bc54b61098ce/fonttools-4.65.0-cp310-cp310-musllinux_1_2_aarch64.whl", hash = "sha256:a6c8d184e523580a7c55d21cde37176a3c91cb539cf06c2aa36ffc634fd75296", size = 5277745, upload-time = "2026-09-10T15:33:14.783Z" },
    { url = "https://files.pythonhosted.org/packages/89/e3/c1037a1dfb7c8efe6f2a7d1951ebdde40cbbf82e9c5d796fcb03077e4790/fonttools-4.65.0-cp310-cp310-musllinux_1_2_x86_64.whl", hash = "sha256:e5ceccaf2e57d83b753a2b5db5d94aa0a8071886d4afebd2d520c9683e6bef0e", size = 5413259, upload-time = "2026-09-10T15:33:17.619Z" },
    { url = "https://files.pythonhosted.org/packages/44/b9/7dd72330168d39635c329f23a98279393b1e825e42a6db362e09897aad7b/fonttools-4.65.0-cp310-cp310-win32.whl", hash = "sha256:aff640a4fcb021fa83f9879d5bfa115b6931522dae991a24faa75888bd6aeff6", size = 1577124, upload-time = "2026-09-10T15:33:19.864Z" },
    { url = "https://files.pythonhosted.org/packages/aa/c2/e959385b4626989b25b82b9f4f99e7c3ac68377d6846b376239b6f126966/fonttools-4.65.0-cp310-cp310-win_amd64.whl", hash = "sha256:5c1700a60e4ff23a0425d5a64abf43d092e6b55071354825781faf255904dcb4", size = 1633354, upload-time = "2026-09-10T15:33:21.963Z" },
    { url = "https://files.pythonhosted.org/packages/e6/35/f894ceb867118c0261d0f69a9bd516b045a3754238f76c88a49513ac7a83/fonttools-4.65.0-py3-none-any.whl", hash = "sha256:3060b8c1fc2329fa20265b7c138614143ea7c1624e26c5c180c76aeb74deae6f", size = 1196441, upload-time = "2026-09-10T15:35:52.347Z" },
]

[[package]]
name = "kiwisolver"
version = "1.5.1"
source = { registry = "https://pypi.org/simple" }
sdist = { url = "https://files.pythonhosted.org/packages/ba/07/bd78e6a8fae171ea041ef5bba3ed21a003522fa088834b069b1909981f30/kiwisolver-1.5.1.tar.gz", hash = "sha256:f1303ef2eec81262a4b708c3e858afe58d7c75ad91c1c05266eda7673369859a", size = 104395, upload-time = "2026-08-28T10:28:27.153Z" }
wheels = [
    { url = "https://files.pythonhosted.org/packages/23/54/1b8d2bc580414cc75b3a5b3d195981a6facacd8a8d986e589d0a3b51a709/kiwisolver-1.5.1-cp310-cp310-macosx_10_9_universal2.whl", hash = "sha256:1acc7e5b7ef05e9da8bb70cd6c7c4513090213d2e1ad9720f599f0bf6c52aec5", size = 123362, upload-time = "2026-08-28T10:24:43.402Z" },
    { url = "https://files.pythonhosted.org/packages/57/19/92c30f540dcfff86ff625389427c39b53a9aaea16420ddcc09b2ab8d1073/kiwisolver-1.5.1-cp310-cp310-macosx_10_9_x86_64.whl", hash = "sha256:bad20d4c69c851c982a1e3606f4c293edfd5a87885786c50082412240c4b1ffd", size = 66551, upload-time = "2026-08-28T10:24:44.768Z" },
    { url = "https://files.pythonhosted.org/packages/30/ae/30b94088722e7bce8b821cd5ee935a87f80023e7243125f1accf98e39bf7/kiwisolver-1.5.1-cp310-cp310-macosx_11_0_arm64.whl", hash = "sha256:0a4faea5c6db201c6a21391d2ac926ea97acf7dacdbc3c417189e1adb1a00837", size = 64076, upload-time = "2026-08-28T10:24:46.184Z" },
    { url = "https://files.pythonhosted.org/packages/f1/0e/9f394d693be549fa3fab62498c2778294595991047adc3dcf10aa99b91c0/kiwisolver-1.5.1-cp310-cp310-manylinux_2_12_x86_64.manylinux2010_x86_64.whl", hash = "sha256:e05c2f7925f1d88778e53cb44f14e0223204a3bdd09a41664750363acfb1f2ef", size = 1628782, upload-time = "2026-08-28T10:24:47.91Z" },
    { url = "https://files.pythonhosted.org/packages/64/96/26efc04348c0f332b6e6c471dff132bb8b18b2df494a1b65826601674e62/kiwisolver-1.5.1-cp310-cp310-manylinux_2_24_aarch64.manylinux_2_28_aarch64.whl", hash = "sha256:c3a4e41e3096bf1f0f1b76e2ffd6d828d6547f574f702d59bdbef7acfa59db9c", size = 1228112, upload-time = "2026-08-28T10:24:49.503Z" },
    { url = "https://files.pythonhosted.org/packages/5a/ac/df9ddc19ec972cd97b60b262dd2c4be28c6192b5a779cad429c6657ee680/kiwisolver-1.5.1-cp310-cp310-manylinux_2_24_ppc64le.manylinux_2_28_ppc64le.whl", hash = "sha256:f1d56ec54d257d05e0b50f5780d967540cd07beeaf9e5f645b26d50cce79f4d8", size = 1246756, upload-time = "2026-08-28T10:24:51.225Z" },
    { url = "https://files.pythonhosted.org/packages/cf/de/c38a246b8a4f4b293c7291aa650917b05c5549b0d532749bc523296e90c4/kiwisolver-1.5.1-cp310-cp310-manylinux_2_24_s390x.manylinux_2_28_s390x.whl", hash = "sha256:8de6f2a4ce7e7bd27d23dd94abf0ccafe0e0e5cc9c764b0577191f2c25f08f26", size = 1295555, upload-time = "2026-08-28T10:24:52.953Z" },
    { url = "https://files.pythonhosted.org/packages/b6/48/3c95a5232d8b5783050d8c8089b58bf1f57018f9135232d72c5aa6b0c01b/kiwisolver-1.5.1-cp310-cp310-musllinux_1_2_aarch64.whl", hash = "sha256:16895f553ee6620a827d2da56b871f835fb70b9216cca5d188e885caf6e3bd23", size = 2179476, upload-time = "2026-08-28T10:24:54.568Z" },
    { url = "https://files.pythonhosted.org/packages/e6/e9/b9e999336afc561b154e93682f597832bdc7446f2ee18b467c5b0e924867/kiwisolver-1.5.1-cp310-cp310-musllinux_1_2_ppc64le.whl", hash = "sha256:6b92f60017dda7d877fdc546438b5e28f31c523264f49cf5a48c1d0ce1a0dfbc", size = 2275258, upload-time = "2026-08-28T10:24:56.186Z" },
    { url = "https://files.pythonhosted.org/packages/76/cd/c1c550796ada4a59644b8264b425fe332686d2a086c4729fcc640ececdfe/kiwisolver-1.5.1-cp310-cp310-musllinux_1_2_s390x.whl", hash = "sha256:7824b5e8bdbf0bccb4ccd37bbb115849a1dc45437fb4de8351385ed07c437ee0", size = 2443424, upload-time = "2026-08-28T10:24:58.093Z" },
    { url = "https://files.pythonhosted.org/packages/b2/d4/30f641eb8e10f6ad5bb9af8a15ec8eea386162a6ef491e68995b8680ef4e/kiwisolver-1.5.1-cp310-cp310-musllinux_1_2_x86_64.whl", hash = "sha256:aa7d00b1700966d2917e54d278aba86897890ca9276dd8b76cf6446b6c181b92", size = 2249457, upload-time = "2026-08-28T10:25:00.223Z" },
    { url = "https://files.pythonhosted.org/packages/1c/d9/211e016f8aa5b5bf496dd3bd7ebab4b73b22d91f025f25e20156a44a77fc/kiwisolver-1.5.1-cp310-cp310-win_amd64.whl", hash = "sha256:96c30002424670b5e1e46495c2b8cbffef39cf77c1d79e76462029d50339785b", size = 70643, upload-time = "2026-08-28T10:25:01.888Z" },
    { url = "https://files.pythonhosted.org/packages/9e/8e/ae7007266dea1fd93fcc48541042c1f6583958055de3b424a59ec16def25/kiwisolver-1.5.1-cp310-cp310-win_arm64.whl", hash = "sha256:f0f4a42db92d6ec7677ab9d12830a2a8ec145a9c6d15db2b593466bc875c78d7", size = 68215, upload-time = "2026-08-28T10:25:03.136Z" },
    { url = "https://files.pythonhosted.org/packages/ba/f1/8bae9fac0f1837679ed59a5dd7e97e7eb943b738defa7cc0117ea0d107dc/kiwisolver-1.5.1-pp310-pypy310_pp73-macosx_10_15_x86_64.whl", hash = "sha256:a5716a33bfabb2c6ce27b6cf03253467b3804f83e215f4d202685cf93c6c9874", size = 59543, upload-time = "2026-08-28T10:28:13.794Z" },
    { url = "https://files.pythonhosted.org/packages/c3/3e/42e3639d32ef3ac6ede80c39dc1d1df6224927409960d8f762b6cb504efe/kiwisolver-1.5.1-pp310-pypy310_pp73-macosx_11_0_arm64.whl", hash = "sha256:685929988b208a911f1285e2f8ed54210b0d681a3dc0f03e00d599d291986e7e", size = 57504, upload-time = "2026-08-28T10:28:15.074Z" },
    { url = "https://files.pythonhosted.org/packages/e1/12/f4beaaceb740b96c363a8fa6f34dbdf37a58d9e5f15416427d7bf89c552a/kiwisolver-1.5.1-pp310-pypy310_pp73-manylinux2014_x86_64.manylinux_2_17_x86_64.whl", hash = "sha256:e4e49f7e1a4e7191bdf9dc67a974db714501b1fc52c24324103d06a86abd5c08", size = 79885, upload-time = "2026-08-28T10:28:16.345Z" },
    { url = "https://files.pythonhosted.org/packages/02/24/18d8a755acdae79c37ca2f1a925795aab67b9456c30c8569c377ea3abc77/kiwisolver-1.5.1-pp310-pypy310_pp73-manylinux_2_24_aarch64.manylinux_2_28_aarch64.whl", hash = "sha256:f0a887b6565bbfe80efde2b7f6e8890d7d9bbdb11bdb17028a3690c32fe0621f", size = 77582, upload-time = "2026-08-28T10:28:17.719Z" },
    { url = "https://files.pythonhosted.org/packages/df/a9/b86dde4f553ef74db0f9c32398614e24b2e8ec1d29a6ca04ae080d7dd29b/kiwisolver-1.5.1-pp310-pypy310_pp73-win_amd64.whl", hash = "sha256:1983f0974a750a6f6556f368ba11105d1d8369c735b944747c9f12ae5aea7aae", size = 98321, upload-time = "2026-08-28T10:28:19.087Z" },
]

[[package]]
name = "matplotlib"
version = "3.5.3"
source = { registry = "https://pypi.org/simple" }
dependencies = [
    { name = "cycler" },
    { name = "fonttools" },
    { name = "kiwisolver" },
    { name = "numpy" },
    { name = "packaging" },
    { name = "pillow" },
    { name = "pyparsing" },
    { name = "python-dateutil" },
]
sdist = { url = "https://files.pythonhosted.org/packages/02/81/e8276ec6ca005b3b2bfaaad0ea47dbb3a0e389ec8ab87d08e3ccbe4b2742/matplotlib-3.5.3.tar.gz", hash = "sha256:339cac48b80ddbc8bfd05daae0a3a73414651a8596904c2a881cfd1edb65f26c", size = 35236343, upload-time = "2022-08-11T05:26:20.581Z" }
wheels = [
    { url = "https://files.pythonhosted.org/packages/60/f6/81c99d3413c18b4810256ac5bca0401c0804e69ea98b448e2c644b745bbb/matplotlib-3.5.3-cp310-cp310-macosx_10_9_universal2.whl", hash = "sha256:a206a1b762b39398efea838f528b3a6d60cdb26fe9d58b48265787e29cd1d693", size = 8084049, upload-time = "2022-08-11T06:59:22.238Z" },
    { url = "https://files.pythonhosted.org/packages/2d/4a/3262e792d1db92939f820c8fae5ac298b201769e12bb11c89de33ac7bae2/matplotlib-3.5.3-cp310-cp310-macosx_10_9_x86_64.whl", hash = "sha256:cd45a6f3e93a780185f70f05cf2a383daed13c3489233faad83e81720f7ede24", size = 7267192, upload-time = "2022-08-11T06:59:25.766Z" },
    { url = "https://files.pythonhosted.org/packages/61/1a/584f2e77e2f88239d66314dab14839a199424319df242c783b84ae23ae41/matplotlib-3.5.3-cp310-cp310-macosx_11_0_arm64.whl", hash = "sha256:d62880e1f60e5a30a2a8484432bcb3a5056969dc97258d7326ad465feb7ae069", size = 7164043, upload-time = "2022-08-11T06:59:28.072Z" },
    { url = "https://files.pythonhosted.org/packages/7b/10/70a26ba757ebab35cc8016502ec14c4e51b939a1c62aff5c9b9731417ad1/matplotlib-3.5.3-cp310-cp310-manylinux_2_17_aarch64.manylinux2014_aarch64.whl", hash = "sha256:9ab29589cef03bc88acfa3a1490359000c18186fc30374d8aa77d33cc4a51a4a", size = 11655924, upload-time = "2022-08-11T06:59:31.71Z" },
    { url = "https://files.pythonhosted.org/packages/c9/99/81f70f1c7a5f61997faacd7756faac6f41d1bda514cb0e29bd4b0d817ff1/matplotlib-3.5.3-cp310-cp310-manylinux_2_17_i686.manylinux2014_i686.whl", hash = "sha256:2886cc009f40e2984c083687251821f305d811d38e3df8ded414265e4583f0c5", size = 11756382, upload-time = "2022-08-11T06:59:34.929Z" },
    { url = "https://files.pythonhosted.org/packages/e5/ca/3ed0e1de9df496392a4c9d75b0c78f82fe5758c66bb875903cf7a9402f0b/matplotlib-3.5.3-cp310-cp310-manylinux_2_17_x86_64.manylinux2014_x86_64.whl", hash = "sha256:c995f7d9568f18b5db131ab124c64e51b6820a92d10246d4f2b3f3a66698a15b", size = 11872330, upload-time = "2022-08-11T06:59:38.203Z" },
    { url = "https://files.pythonhosted.org/packages/fd/7e/ecd6784f82baa01ef7859f8093be02b0913bda487b5bdc4da23c14041f9c/matplotlib-3.5.3-cp310-cp310-win32.whl", hash = "sha256:6bb93a0492d68461bd458eba878f52fdc8ac7bdb6c4acdfe43dba684787838c2", size = 7070877, upload-time = "2022-08-11T06:59:41.145Z" },
    { url = "https://files.pythonhosted.org/packages/90/81/b73cb7d615a70a01bd349b8e85a7648c51f3a6346695354c1ce569db6d8f/matplotlib-3.5.3-cp310-cp310-win_amd64.whl", hash = "sha256:2e6d184ebe291b9e8f7e78bbab7987d269c38ea3e062eace1fe7d898042ef804", size = 7199098, upload-time = "2022-08-11T06:59:43.267Z" },
]

[[package]]
name = "mido"
version = "1.3.3"
source = { registry = "https://pypi.org/simple" }
dependencies = [
    { name = "packaging" },
]
sdist = { url = "https://files.pythonhosted.org/packages/23/14/cfda3fe61ce4c0f50a9f707ae02b46cb53211732b2cd4522bf06272848f4/mido-1.3.3.tar.gz", hash = "sha256:1aecb30b7f282404f17e43768cbf74a6a31bf22b3b783bdd117a1ce9d22cb74c", size = 124288, upload-time = "2024-10-25T15:05:21.847Z" }
wheels = [
    { url = "https://files.pythonhosted.org/packages/fd/28/45deb15c11859d2f10702b32e71de9328a9fa494f989626916db39a9617f/mido-1.3.3-py3-none-any.whl", hash = "sha256:01033c9b10b049e4436fca2762194ca839b09a4334091dd3c34e7f4ae674fd8a", size = 54614, upload-time = "2024-10-25T15:05:20.349Z" },
]

[[package]]
name = "networkx"
version = "2.8.6"
source = { registry = "https://pypi.org/simple" }
sdist = { url = "https://files.pythonhosted.org/packages/d9/c6/ad9dc9195c0e5d8879d2a28667aa45e087631576b40f9c954a086693a36d/networkx-2.8.6.tar.gz", hash = "sha256:bd2b7730300860cbd2dafe8e5af89ff5c9a65c3975b352799d87a6238b4301a6", size = 1957238, upload-time = "2022-08-22T14:07:10.235Z" }
wheels = [
    { url = "https://files.pythonhosted.org/packages/be/25/5b0fc262a2f2d7d11c22cb7785edf2befc756ae076b383034e79e255eb11/networkx-2.8.6-py3-none-any.whl", hash = "sha256:2a30822761f34d56b9a370d96a4bf4827a535f5591a4078a453425caeba0c5bb", size = 2022275, upload-time = "2022-08-22T14:07:07.277Z" },
]

[[package]]
name = "numpy"
version = "1.23.2"
source = { registry = "https://pypi.org/simple" }
sdist = { url = "https://files.pythonhosted.org/packages/f4/66/17b8e95770478436bf968353c89683ce6f9e14d92e0d4fb3111c09ba18d2/numpy-1.23.2.tar.gz", hash = "sha256:b78d00e48261fbbd04aa0d7427cf78d18401ee0abd89c7559bbf422e5b1c7d01", size = 10719306, upload-time = "2022-08-14T00:26:23.795Z" }
wheels = [
    { url = "https://files.pythonhosted.org/packages/7a/c3/38e826f1c0697e7c5f50ebcfc15672b53d5204c629f2203f4c018d6f39b0/numpy-1.23.2-cp310-cp310-macosx_10_9_x86_64.whl", hash = "sha256:e603ca1fb47b913942f3e660a15e55a9ebca906857edfea476ae5f0fe9b457d5", size = 18106192, upload-time = "2022-08-14T00:14:09.173Z" },
    { url = "https://files.pythonhosted.org/packages/bd/f3/25f99b1312a072b729249293528a38327debf2b8e93aa84b59832e2c1a1f/numpy-1.23.2-cp310-cp310-macosx_11_0_arm64.whl", hash = "sha256:633679a472934b1c20a12ed0c9a6c9eb167fbb4cb89031939bfd03dd9dbc62b8", size = 13339773, upload-time = "2022-08-14T00:14:30.264Z" },
    { url = "https://files.pythonhosted.org/packages/15/aa/f831165eefc6e0f10082db7b314871490f30791f9e6a2ddc404828c77e67/numpy-1.23.2-cp310-cp310-manylinux_2_17_aarch64.manylinux2014_aarch64.whl", hash = "sha256:17e5226674f6ea79e14e3b91bfbc153fdf3ac13f5cc54ee7bc8fdbe820a32da0", size = 13922838, upload-time = "2022-08-14T00:14:50.987Z" },
    { url = "https://files.pythonhosted.org/packages/7f/99/43b8e647339c633c0648a6b29a8989971effb1ec03dd6994a1e23c6d3c08/numpy-1.23.2-cp310-cp310-manylinux_2_17_x86_64.manylinux2014_x86_64.whl", hash = "sha256:bdc02c0235b261925102b1bd586579b7158e9d0d07ecb61148a1799214a4afd5", size = 17035242, upload-time = "2022-08-14T00:15:16.579Z" },
    { url = "https://files.pythonhosted.org/packages/d5/57/29aa1125ebfa31c62386356a77ac68693c7bf32fb7d8d5deb97c875eeb4b/numpy-1.23.2-cp310-cp310-win32.whl", hash = "sha256:df28dda02c9328e122661f399f7655cdcbcf22ea42daa3650a26bce08a187450", size = 12189455, upload-time = "2022-08-14T00:15:35.254Z" },
    { url = "https://files.pythonhosted.org/packages/15/b1/166dc9111024caedff5f9bcce8f115ac532e0b117eddbb4cc545c42228e9/numpy-1.23.2-cp310-cp310-win_amd64.whl", hash = "sha256:8ebf7e194b89bc66b78475bd3624d92980fca4e5bb86dda08d677d786fefc414", size = 14638789, upload-time = "2022-08-14T00:15:56.95Z" },
]

[[package]]
name = "packaging"
version = "26.3"
source = { registry = "https://pypi.org/simple" }
sdist = { url = "https://files.pythonhosted.org/packages/7d/fa/3944b40b07da9ce895c0e6303a5ab7d53da063554f534556b134a54d6093/packaging-26.3.tar.gz", hash = "sha256:94edc256424af38762eb31306eed28beb9f0efc50a8837492c9d6fd6004aed79", size = 313412, upload-time = "2026-08-04T18:15:28.737Z" }
wheels = [
    { url = "https://files.pythonhosted.org/packages/63/34/ba1c580383c9eada3711951fef0795c80b829a078d72188184bcab9dd527/packaging-26.3-py3-none-any.whl", hash = "sha256:d7193f7c8e4e93f444fde0262bf90af30e16fa0ad0ad44cb553c87339b23cd1c", size = 129956, upload-time = "2026-08-04T18:15:27.159Z" },
]

[[package]]
name = "pillow"
version = "12.3.0"
source = { registry = "https://pypi.org/simple" }
sdist = { url = "https://files.pythonhosted.org/packages/1c/3d/bb7fca845737cf9d7dbde16ed1843984665ff2e0a518f5db43e77ec540b9/pillow-12.3.0.tar.gz", hash = "sha256:3b8182a766685eaa002637e28b4ec8d6b18819a0c71f579bf0dbaa5830297cce", size = 47025035, upload-time = "2026-07-01T11:56:38.965Z" }
wheels = [
    { url = "https://files.pythonhosted.org/packages/25/c2/669d88644cddb1485bd9534e63e8cf476c8e51cb3c3a1297677023505c0e/pillow-12.3.0-cp310-cp310-macosx_10_10_x86_64.whl", hash = "sha256:6c0016e7b354317c4e9e525b937ac8596c38d2d232b419529b9cd7a1cd46e39a", size = 5392418, upload-time = "2026-07-01T11:53:27.808Z" },
    { url = "https://files.pythonhosted.org/packages/6b/ba/3762f376a2948e3036488d773a146e0ae6ecc2ca03ac20e2615bd0b2ba02/pillow-12.3.0-cp310-cp310-macosx_11_0_arm64.whl", hash = "sha256:bcc33feacfaefce60c12fd500a277533bdc02b10a19f7f6d348763d8140bbba7", size = 4785287, upload-time = "2026-07-01T11:53:29.761Z" },
    { url = "https://files.pythonhosted.org/packages/07/50/b5d688cc9c52d4482f3d5bcab6ce20bc2a74a85d2343841c907444a3be2c/pillow-12.3.0-cp310-cp310-manylinux_2_27_aarch64.manylinux_2_28_aarch64.whl", hash = "sha256:5594fc43d548a7ed94949d139aa1341b270f1863f11cfd37f5a6c8b778a6b67f", size = 6253754, upload-time = "2026-07-01T11:53:32.298Z" },
    { url = "https://files.pythonhosted.org/packages/4e/89/36f4cd76cf4baf05c50ababb976249153f18c959171c7f6ba09a6f217260/pillow-12.3.0-cp310-cp310-manylinux_2_27_x86_64.manylinux_2_28_x86_64.whl", hash = "sha256:f0606c8bf2cdefea14a43530f7657cbbb7ecf1c4222512492ef4a4434a9501ec", size = 6925605, upload-time = "2026-07-01T11:53:34.487Z" },
    { url = "https://files.pythonhosted.org/packages/eb/c0/4de58cf6633b9e3a6061ef4be6fb91fc3c90b812ece886f531e3c523d777/pillow-12.3.0-cp310-cp310-musllinux_1_2_aarch64.whl", hash = "sha256:85f998ea1848bc6757289e739cfbdda3a04adfd58b02fc018ce54d754a5ce468", size = 6327788, upload-time = "2026-07-01T11:53:36.433Z" },
    { url = "https://files.pythonhosted.org/packages/87/3c/14d53682a19550dbbaf3b598f807d5457646c510805a44c7d7891cd1cd1a/pillow-12.3.0-cp310-cp310-musllinux_1_2_x86_64.whl", hash = "sha256:25b9b82bb22e6e2b3cd07b39c68b7b862001226cb3dff7130d1cb914121b39ed", size = 7036288, upload-time = "2026-07-01T11:53:38.712Z" },
    { url = "https://files.pythonhosted.org/packages/38/1d/36279e3c77efe034e4cc2b0393ee74ffdb5a62391dacbf9b916154f5f0b8/pillow-12.3.0-cp310-cp310-win32.whl", hash = "sha256:37dc8f7bbb66efe481bb60defacef820c950c24713fb44962ed6aa2a50966de1", size = 6472396, upload-time = "2026-07-01T11:53:40.781Z" },
    { url = "https://files.pythonhosted.org/packages/48/7c/8fa0039574c476d7c6fa57dd7c32a130436877c6ec1e5ce1cc8ec44878c1/pillow-12.3.0-cp310-cp310-win_amd64.whl", hash = "sha256:300557495eb45ebb8aec96c2da9c4be642fbf7cd937278b4013ba894ea8eb0eb", size = 7226887, upload-time = "2026-07-01T11:53:42.764Z" },
    { url = "https://files.pythonhosted.org/packages/fa/17/e324be141d173c1c919428066c3259f21c1b8982e564e01a4a81e96dbdcf/pillow-12.3.0-cp310-cp310-win_arm64.whl", hash = "sha256:514435a37670e3e5e08f3945b68718b6ed329bb84367777e16f9f4dfe1e61a0f", size = 2568039, upload-time = "2026-07-01T11:53:45.372Z" },
]

[[package]]
name = "pretty-midi"
version = "0.2.9"
source = { registry = "https://pypi.org/simple" }
dependencies = [
    { name = "mido" },
    { name = "numpy" },
    { name = "six" },
]
sdist = { url = "https://files.pythonhosted.org/packages/bc/8e/63c6e39a7a64623a9cd6aec530070c70827f6f8f40deec938f323d7b1e15/pretty_midi-0.2.9.tar.gz", hash = "sha256:f6a249cb843441e1cb78c4c0a1290948d6f56df7486f7974e20d5c80486dc99e", size = 5591582, upload-time = "2020-04-09T19:19:20.628Z" }

[[package]]
name = "pyparsing"
version = "3.3.3"
source = { registry = "https://pypi.org/simple" }
sdist = { url = "https://files.pythonhosted.org/packages/e4/11/b213bebff182584360cb8d17c72c1677fec5c5c228de439e63bcf8ab1c8f/pyparsing-3.3.3.tar.gz", hash = "sha256:928ae7e20211f3b6f3915a72f06a0cfd29ab9d24279dd6346b6b1a7146397d36", size = 1050487, upload-time = "2026-09-20T20:59:05.609Z" }
wheels = [
    { url = "https://files.pythonhosted.org/packages/38/bb/d215ee7c73b61497b28a5503f9f53523f294fcc936762b7caf90e0c1c2b5/pyparsing-3.3.3-py3-none-any.whl", hash = "sha256:ece8c00a69cf01b45d0b1dedabb469c90d8caf996d4fda40f147627a122849a4", size = 126420, upload-time = "2026-09-20T20:59:04.025Z" },
]

[[package]]
name = "python-dateutil"
version = "2.9.0.post0"
source = { registry = "https://pypi.org/simple" }
dependencies = [
    { name = "six" },
]
sdist = { url = "https://files.pythonhosted.org/packages/66/c0/0c8b6ad9f17a802ee498c46e004a0eb49bc148f2fd230864601a86dcf6db/python-dateutil-2.9.0.post0.tar.gz", hash = "sha256:37dd54208da7e1cd875388217d5e00ebd4179249f90fb72437e91a35459a0ad3", size = 342432, upload-time = "2024-03-01T18:36:20.211Z" }
wheels = [
    { url = "https://files.pythonhosted.org/packages/ec/57/56b9bcc3c9c6a792fcbaf139543cee77261f3651ca9da0c93f5c1221264b/python_dateutil-2.9.0.post0-py2.py3-none-any.whl", hash = "sha256:a8b2bc7bffae282281c8140a97d3aa9c14da0b136dfe83f850eea9a5f7470427", size = 229892, upload-time = "2024-03-01T18:36:18.57Z" },
]

[[package]]
name = "setuptools"
version = "80.10.2"
source = { registry = "https://pypi.org/simple" }
sdist = { url = "https://files.pythonhosted.org/packages/76/95/faf61eb8363f26aa7e1d762267a8d602a1b26d4f3a1e758e92cb3cb8b054/setuptools-80.10.2.tar.gz", hash = "sha256:8b0e9d10c784bf7d262c4e5ec5d4ec94127ce206e8738f29a437945fbc219b70", size = 1200343, upload-time = "2026-01-25T22:38:17.252Z" }
wheels = [
    { url = "https://files.pythonhosted.org/packages/94/b8/f1f62a5e3c0ad2ff1d189590bfa4c46b4f3b6e49cef6f26c6ee4e575394d/setuptools-80.10.2-py3-none-any.whl", hash = "sha256:95b30ddfb717250edb492926c92b5221f7ef3fbcc2b07579bcd4a27da21d0173", size = 1064234, upload-time = "2026-01-25T22:38:15.216Z" },
]

[[package]]
name = "six"
version = "1.17.0"
source = { registry = "https://pypi.org/simple" }
sdist = { url = "https://files.pythonhosted.org/packages/94/e7/b2c673351809dca68a0e064b6af791aa332cf192da575fd474ed7d6f16a2/six-1.17.0.tar.gz", hash = "sha256:ff70335d468e7eb6ec65b95b99d3a2836546063f63acc5171de367e834932a81", size = 34031, upload-time = "2024-12-04T17:35:28.174Z" }
wheels = [
    { url = "https://files.pythonhosted.org/packages/b7/ce/149a00dd41f10bc29e5921b496af8b574d8413afcd5e30dfa0ed46c2cc5e/six-1.17.0-py2.py3-none-any.whl", hash = "sha256:4721f391ed90541fddacab5acf947aa0d3dc7d27b2e1e8eda2be8970586c3274", size = 11050, upload-time = "2024-12-04T17:35:26.475Z" },
]

[[package]]
name = "tuttut"
version = "0.0.6"
source = { registry = "https://pypi.org/simple" }
dependencies = [
    { name = "matplotlib" },
    { name = "networkx" },
    { name = "numpy" },
    { name = "pretty-midi" },
]
sdist = { url = "https://files.pythonhosted.org/packages/4f/bd/42a0773cd291ea1f9056d0dd00759122678d053a3e3e77f64a9598ba2d62/tuttut-0.0.6.tar.gz", hash = "sha256:11c6ea8cb49d0153c8318712c1c2b645d47590737b1f55cf653196d381a366c9", size = 104215, upload-time = "2024-02-21T18:59:45.447Z" }
wheels = [
    { url = "https://files.pythonhosted.org/packages/46/f1/43d71301ea2f3458097e65bf7450c9606534ea144b135b652f95b6ead153/tuttut-0.0.6-py3-none-any.whl", hash = "sha256:a9d972bf24300eb2ffc2782d6306ece768c15fa3dd38d3d2440e8d3ac84c85fb", size = 109492, upload-time = "2024-02-21T18:59:43.683Z" },
]
